PODS:
  - Alamofire (5.2.2)
  - IQKeyboardManager (6.5.6)
  - Moya (14.0.0):
    - Moya/Core (= 14.0.0)
  - Moya/Core (14.0.0):
    - Alamofire (~> 5.0)

DEPENDENCIES:
  - IQKeyboardManager
  - Moya

SPEC REPOS:
  trunk:
    - Alamofire
    - IQKeyboardManager
    - Moya

SPEC CHECKSUMS:
  Alamofire: 814429acc853c6c54ff123fc3d2ef66803823ce0
  IQKeyboardManager: 2a6e97afdafc7becf0cb17a9a8d795e3a980717f
  Moya: 5b45dacb75adb009f97fde91c204c1e565d31916

PODFILE CHECKSUM: 2c5ec9f11be2227d8f22fce52b09b31a5a38ceaa

COCOAPODS: 1.9.3
