// !$*UTF8*$!
{
	archiveVersion = 1;
	classes = {
	};
	objectVersion = 51;
	objects = {

/* Begin PBXBuildFile section */
		29F70492092CEBF7600061DD /* Pods_MVP.framework in Frameworks */ = {isa = PBXBuildFile; fileRef = 375F6F9CC33ED1540A1BAA23 /* Pods_MVP.framework */; };
		7545C97160C762C8D87211AA /* Pods_MVPTests.framework in Frameworks */ = {isa = PBXBuildFile; fileRef = 68E234002CA926B69EBEEBDC /* Pods_MVPTests.framework */; };
		7E0FE2552515ECD0006370D7 /* BottomOverlay.swift in Sources */ = {isa = PBXBuildFile; fileRef = 7E0FE2542515ECD0006370D7 /* BottomOverlay.swift */; };
		7E0FE2572515ED06006370D7 /* BottomOverlayView.xib in Resources */ = {isa = PBXBuildFile; fileRef = 7E0FE2562515ED06006370D7 /* BottomOverlayView.xib */; };
		7E28A7C2251B06A000426642 /* UserResponse.swift in Sources */ = {isa = PBXBuildFile; fileRef = 7E28A7C1251B06A000426642 /* UserResponse.swift */; };
		7E5465852514DBB000A16612 /* AppDelegate.swift in Sources */ = {isa = PBXBuildFile; fileRef = 7E5465842514DBB000A16612 /* AppDelegate.swift */; };
		7E5465872514DBB000A16612 /* SceneDelegate.swift in Sources */ = {isa = PBXBuildFile; fileRef = 7E5465862514DBB000A16612 /* SceneDelegate.swift */; };
		7E54658E2514DBB200A16612 /* Assets.xcassets in Resources */ = {isa = PBXBuildFile; fileRef = 7E54658D2514DBB200A16612 /* Assets.xcassets */; };
		7E5465A82514DCB700A16612 /* LoginView.xib in Resources */ = {isa = PBXBuildFile; fileRef = 7E5465A72514DCB700A16612 /* LoginView.xib */; };
		7E5465AA2514DCC500A16612 /* LoginView.swift in Sources */ = {isa = PBXBuildFile; fileRef = 7E5465A92514DCC500A16612 /* LoginView.swift */; };
		7E5465AE2514E02E00A16612 /* NetworkManager.swift in Sources */ = {isa = PBXBuildFile; fileRef = 7E5465AD2514E02E00A16612 /* NetworkManager.swift */; };
		7E5465B12514E04C00A16612 /* LoginService.swift in Sources */ = {isa = PBXBuildFile; fileRef = 7E5465B02514E04C00A16612 /* LoginService.swift */; };
		7E5465B42514E24300A16612 /* LoginRequest.swift in Sources */ = {isa = PBXBuildFile; fileRef = 7E5465B32514E24300A16612 /* LoginRequest.swift */; };
		7E5465DC2514F46900A16612 /* AppSetting.swift in Sources */ = {isa = PBXBuildFile; fileRef = 7E5465DB2514F46900A16612 /* AppSetting.swift */; };
		7E9022A12515278100AE1335 /* LoginProtocols.swift in Sources */ = {isa = PBXBuildFile; fileRef = 7E9022A02515278100AE1335 /* LoginProtocols.swift */; };
		7E9022A325152C6500AE1335 /* LoginPresenter.swift in Sources */ = {isa = PBXBuildFile; fileRef = 7E9022A225152C6500AE1335 /* LoginPresenter.swift */; };
		7E90237E2515C41100AE1335 /* UILoadingView.swift in Sources */ = {isa = PBXBuildFile; fileRef = 7E90237D2515C41100AE1335 /* UILoadingView.swift */; };
		7EABA4962515FFB900E88C29 /* ErrorResponse.swift in Sources */ = {isa = PBXBuildFile; fileRef = 7EABA4952515FFB900E88C29 /* ErrorResponse.swift */; };
		7EABA49925160B7D00E88C29 /* MainView.swift in Sources */ = {isa = PBXBuildFile; fileRef = 7EABA49825160B7D00E88C29 /* MainView.swift */; };
		7EABA49B25160B8F00E88C29 /* MainView.xib in Resources */ = {isa = PBXBuildFile; fileRef = 7EABA49A25160B8F00E88C29 /* MainView.xib */; };
		7EABA49E251613AC00E88C29 /* MainProtocols.swift in Sources */ = {isa = PBXBuildFile; fileRef = 7EABA49D251613AC00E88C29 /* MainProtocols.swift */; };
		7EABA4A02516144700E88C29 /* MainPresenter.swift in Sources */ = {isa = PBXBuildFile; fileRef = 7EABA49F2516144700E88C29 /* MainPresenter.swift */; };
		7EABA4A22516168B00E88C29 /* StoreService.swift in Sources */ = {isa = PBXBuildFile; fileRef = 7EABA4A12516168B00E88C29 /* StoreService.swift */; };
		7EABA4A42516175D00E88C29 /* StoresResponse.swift in Sources */ = {isa = PBXBuildFile; fileRef = 7EABA4A32516175D00E88C29 /* StoresResponse.swift */; };
		7EABA5132516364500E88C29 /* MaterialView.swift in Sources */ = {isa = PBXBuildFile; fileRef = 7EABA5122516364500E88C29 /* MaterialView.swift */; };
		7EABA515251636B600E88C29 /* MaterialView.xib in Resources */ = {isa = PBXBuildFile; fileRef = 7EABA514251636B600E88C29 /* MaterialView.xib */; };
		7EABA5172516372C00E88C29 /* MaterialProtocols.swift in Sources */ = {isa = PBXBuildFile; fileRef = 7EABA5162516372C00E88C29 /* MaterialProtocols.swift */; };
		7EABA5192516377600E88C29 /* MaterialPresenter.swift in Sources */ = {isa = PBXBuildFile; fileRef = 7EABA5182516377600E88C29 /* MaterialPresenter.swift */; };
		7EABA51B25163F8000E88C29 /* MaterialService.swift in Sources */ = {isa = PBXBuildFile; fileRef = 7EABA51A25163F8000E88C29 /* MaterialService.swift */; };
		7EABA51E2516479600E88C29 /* LoginTests.swift in Sources */ = {isa = PBXBuildFile; fileRef = 7EABA51D2516479600E88C29 /* LoginTests.swift */; };
		7EABA5E325167BC500E88C29 /* MainTests.swift in Sources */ = {isa = PBXBuildFile; fileRef = 7EABA5E225167BC500E88C29 /* MainTests.swift */; };
		7EF9A497251BA8EC0085A5BC /* AuthResponse.swift in Sources */ = {isa = PBXBuildFile; fileRef = 7EF9A496251BA8EC0085A5BC /* AuthResponse.swift */; };
		7EF9A499251BB7030085A5BC /* AppContext.swift in Sources */ = {isa = PBXBuildFile; fileRef = 7EF9A498251BB7030085A5BC /* AppContext.swift */; };
		7EF9A49B251BC1060085A5BC /* RawMaterialResponse.swift in Sources */ = {isa = PBXBuildFile; fileRef = 7EF9A49A251BC1060085A5BC /* RawMaterialResponse.swift */; };
		7EF9A49E251BC4800085A5BC /* MaterialDetailView.xib in Resources */ = {isa = PBXBuildFile; fileRef = 7EF9A49D251BC4800085A5BC /* MaterialDetailView.xib */; };
		7EF9A4A0251BC48E0085A5BC /* MaterialDetailView.swift in Sources */ = {isa = PBXBuildFile; fileRef = 7EF9A49F251BC48E0085A5BC /* MaterialDetailView.swift */; };
		7EF9A4A2251BC51D0085A5BC /* MaterialDetailProtocols.swift in Sources */ = {isa = PBXBuildFile; fileRef = 7EF9A4A1251BC51D0085A5BC /* MaterialDetailProtocols.swift */; };
		7EF9A4A4251BC5B20085A5BC /* MaterialDetailPresenter.swift in Sources */ = {isa = PBXBuildFile; fileRef = 7EF9A4A3251BC5B20085A5BC /* MaterialDetailPresenter.swift */; };
		7EF9A4A6251BCF460085A5BC /* RawMaterialDetailResponse.swift in Sources */ = {isa = PBXBuildFile; fileRef = 7EF9A4A5251BCF460085A5BC /* RawMaterialDetailResponse.swift */; };
/* End PBXBuildFile section */

/* Begin PBXContainerItemProxy section */
		7E5465982514DBB300A16612 /* PBXContainerItemProxy */ = {
			isa = PBXContainerItemProxy;
			containerPortal = 7E5465792514DBB000A16612 /* Project object */;
			proxyType = 1;
			remoteGlobalIDString = 7E5465802514DBB000A16612;
			remoteInfo = MVP;
		};
/* End PBXContainerItemProxy section */

/* Begin PBXFileReference section */
		3629B65D01B75674B88CA1BB /* Pods-MVPTests.release.xcconfig */ = {isa = PBXFileReference; includeInIndex = 1; lastKnownFileType = text.xcconfig; name = "Pods-MVPTests.release.xcconfig"; path = "Target Support Files/Pods-MVPTests/Pods-MVPTests.release.xcconfig"; sourceTree = "<group>"; };
		375F6F9CC33ED1540A1BAA23 /* Pods_MVP.framework */ = {isa = PBXFileReference; explicitFileType = wrapper.framework; includeInIndex = 0; path = Pods_MVP.framework; sourceTree = BUILT_PRODUCTS_DIR; };
		44A6AA9A273D4ECA6C30782D /* Pods-MVP.release.xcconfig */ = {isa = PBXFileReference; includeInIndex = 1; lastKnownFileType = text.xcconfig; name = "Pods-MVP.release.xcconfig"; path = "Target Support Files/Pods-MVP/Pods-MVP.release.xcconfig"; sourceTree = "<group>"; };
		68E234002CA926B69EBEEBDC /* Pods_MVPTests.framework */ = {isa = PBXFileReference; explicitFileType = wrapper.framework; includeInIndex = 0; path = Pods_MVPTests.framework; sourceTree = BUILT_PRODUCTS_DIR; };
		7E0FE2542515ECD0006370D7 /* BottomOverlay.swift */ = {isa = PBXFileReference; lastKnownFileType = sourcecode.swift; path = BottomOverlay.swift; sourceTree = "<group>"; };
		7E0FE2562515ED06006370D7 /* BottomOverlayView.xib */ = {isa = PBXFileReference; lastKnownFileType = file.xib; path = BottomOverlayView.xib; sourceTree = "<group>"; };
		7E28A7C1251B06A000426642 /* UserResponse.swift */ = {isa = PBXFileReference; lastKnownFileType = sourcecode.swift; path = UserResponse.swift; sourceTree = "<group>"; };
		7E5465812514DBB000A16612 /* MVP.app */ = {isa = PBXFileReference; explicitFileType = wrapper.application; includeInIndex = 0; path = MVP.app; sourceTree = BUILT_PRODUCTS_DIR; };
		7E5465842514DBB000A16612 /* AppDelegate.swift */ = {isa = PBXFileReference; lastKnownFileType = sourcecode.swift; path = AppDelegate.swift; sourceTree = "<group>"; };
		7E5465862514DBB000A16612 /* SceneDelegate.swift */ = {isa = PBXFileReference; lastKnownFileType = sourcecode.swift; path = SceneDelegate.swift; sourceTree = "<group>"; };
		7E54658D2514DBB200A16612 /* Assets.xcassets */ = {isa = PBXFileReference; lastKnownFileType = folder.assetcatalog; path = Assets.xcassets; sourceTree = "<group>"; };
		7E5465922514DBB300A16612 /* Info.plist */ = {isa = PBXFileReference; lastKnownFileType = text.plist.xml; path = Info.plist; sourceTree = "<group>"; };
		7E5465972514DBB300A16612 /* MVPTests.xctest */ = {isa = PBXFileReference; explicitFileType = wrapper.cfbundle; includeInIndex = 0; path = MVPTests.xctest; sourceTree = BUILT_PRODUCTS_DIR; };
		7E54659D2514DBB300A16612 /* Info.plist */ = {isa = PBXFileReference; lastKnownFileType = text.plist.xml; path = Info.plist; sourceTree = "<group>"; };
		7E5465A72514DCB700A16612 /* LoginView.xib */ = {isa = PBXFileReference; lastKnownFileType = file.xib; path = LoginView.xib; sourceTree = "<group>"; };
		7E5465A92514DCC500A16612 /* LoginView.swift */ = {isa = PBXFileReference; lastKnownFileType = sourcecode.swift; path = LoginView.swift; sourceTree = "<group>"; };
		7E5465AD2514E02E00A16612 /* NetworkManager.swift */ = {isa = PBXFileReference; lastKnownFileType = sourcecode.swift; path = NetworkManager.swift; sourceTree = "<group>"; };
		7E5465B02514E04C00A16612 /* LoginService.swift */ = {isa = PBXFileReference; lastKnownFileType = sourcecode.swift; path = LoginService.swift; sourceTree = "<group>"; };
		7E5465B32514E24300A16612 /* LoginRequest.swift */ = {isa = PBXFileReference; lastKnownFileType = sourcecode.swift; path = LoginRequest.swift; sourceTree = "<group>"; };
		7E5465DB2514F46900A16612 /* AppSetting.swift */ = {isa = PBXFileReference; lastKnownFileType = sourcecode.swift; path = AppSetting.swift; sourceTree = "<group>"; };
		7E9022A02515278100AE1335 /* LoginProtocols.swift */ = {isa = PBXFileReference; lastKnownFileType = sourcecode.swift; path = LoginProtocols.swift; sourceTree = "<group>"; };
		7E9022A225152C6500AE1335 /* LoginPresenter.swift */ = {isa = PBXFileReference; lastKnownFileType = sourcecode.swift; path = LoginPresenter.swift; sourceTree = "<group>"; };
		7E90237D2515C41100AE1335 /* UILoadingView.swift */ = {isa = PBXFileReference; lastKnownFileType = sourcecode.swift; path = UILoadingView.swift; sourceTree = "<group>"; };
		7EABA4952515FFB900E88C29 /* ErrorResponse.swift */ = {isa = PBXFileReference; lastKnownFileType = sourcecode.swift; path = ErrorResponse.swift; sourceTree = "<group>"; };
		7EABA49825160B7D00E88C29 /* MainView.swift */ = {isa = PBXFileReference; lastKnownFileType = sourcecode.swift; path = MainView.swift; sourceTree = "<group>"; };
		7EABA49A25160B8F00E88C29 /* MainView.xib */ = {isa = PBXFileReference; lastKnownFileType = file.xib; path = MainView.xib; sourceTree = "<group>"; };
		7EABA49D251613AC00E88C29 /* MainProtocols.swift */ = {isa = PBXFileReference; lastKnownFileType = sourcecode.swift; path = MainProtocols.swift; sourceTree = "<group>"; };
		7EABA49F2516144700E88C29 /* MainPresenter.swift */ = {isa = PBXFileReference; lastKnownFileType = sourcecode.swift; path = MainPresenter.swift; sourceTree = "<group>"; };
		7EABA4A12516168B00E88C29 /* StoreService.swift */ = {isa = PBXFileReference; lastKnownFileType = sourcecode.swift; path = StoreService.swift; sourceTree = "<group>"; };
		7EABA4A32516175D00E88C29 /* StoresResponse.swift */ = {isa = PBXFileReference; lastKnownFileType = sourcecode.swift; path = StoresResponse.swift; sourceTree = "<group>"; };
		7EABA5122516364500E88C29 /* MaterialView.swift */ = {isa = PBXFileReference; lastKnownFileType = sourcecode.swift; path = MaterialView.swift; sourceTree = "<group>"; };
		7EABA514251636B600E88C29 /* MaterialView.xib */ = {isa = PBXFileReference; lastKnownFileType = file.xib; path = MaterialView.xib; sourceTree = "<group>"; };
		7EABA5162516372C00E88C29 /* MaterialProtocols.swift */ = {isa = PBXFileReference; lastKnownFileType = sourcecode.swift; path = MaterialProtocols.swift; sourceTree = "<group>"; };
		7EABA5182516377600E88C29 /* MaterialPresenter.swift */ = {isa = PBXFileReference; lastKnownFileType = sourcecode.swift; path = MaterialPresenter.swift; sourceTree = "<group>"; };
		7EABA51A25163F8000E88C29 /* MaterialService.swift */ = {isa = PBXFileReference; lastKnownFileType = sourcecode.swift; path = MaterialService.swift; sourceTree = "<group>"; };
		7EABA51C2516479500E88C29 /* MVPTests-Bridging-Header.h */ = {isa = PBXFileReference; lastKnownFileType = sourcecode.c.h; path = "MVPTests-Bridging-Header.h"; sourceTree = "<group>"; };
		7EABA51D2516479600E88C29 /* LoginTests.swift */ = {isa = PBXFileReference; lastKnownFileType = sourcecode.swift; path = LoginTests.swift; sourceTree = "<group>"; };
		7EABA5E225167BC500E88C29 /* MainTests.swift */ = {isa = PBXFileReference; lastKnownFileType = sourcecode.swift; path = MainTests.swift; sourceTree = "<group>"; };
		7EF9A496251BA8EC0085A5BC /* AuthResponse.swift */ = {isa = PBXFileReference; lastKnownFileType = sourcecode.swift; path = AuthResponse.swift; sourceTree = "<group>"; };
		7EF9A498251BB7030085A5BC /* AppContext.swift */ = {isa = PBXFileReference; lastKnownFileType = sourcecode.swift; path = AppContext.swift; sourceTree = "<group>"; };
		7EF9A49A251BC1060085A5BC /* RawMaterialResponse.swift */ = {isa = PBXFileReference; lastKnownFileType = sourcecode.swift; path = RawMaterialResponse.swift; sourceTree = "<group>"; };
		7EF9A49D251BC4800085A5BC /* MaterialDetailView.xib */ = {isa = PBXFileReference; lastKnownFileType = file.xib; path = MaterialDetailView.xib; sourceTree = "<group>"; };
		7EF9A49F251BC48E0085A5BC /* MaterialDetailView.swift */ = {isa = PBXFileReference; lastKnownFileType = sourcecode.swift; path = MaterialDetailView.swift; sourceTree = "<group>"; };
		7EF9A4A1251BC51D0085A5BC /* MaterialDetailProtocols.swift */ = {isa = PBXFileReference; lastKnownFileType = sourcecode.swift; path = MaterialDetailProtocols.swift; sourceTree = "<group>"; };
		7EF9A4A3251BC5B20085A5BC /* MaterialDetailPresenter.swift */ = {isa = PBXFileReference; lastKnownFileType = sourcecode.swift; path = MaterialDetailPresenter.swift; sourceTree = "<group>"; };
		7EF9A4A5251BCF460085A5BC /* RawMaterialDetailResponse.swift */ = {isa = PBXFileReference; lastKnownFileType = sourcecode.swift; path = RawMaterialDetailResponse.swift; sourceTree = "<group>"; };
		889F7008B6AA6C547C7D3197 /* Pods-MVP.debug.xcconfig */ = {isa = PBXFileReference; includeInIndex = 1; lastKnownFileType = text.xcconfig; name = "Pods-MVP.debug.xcconfig"; path = "Target Support Files/Pods-MVP/Pods-MVP.debug.xcconfig"; sourceTree = "<group>"; };
		ED62A0111262FE87112ABF5E /* Pods-MVPTests.debug.xcconfig */ = {isa = PBXFileReference; includeInIndex = 1; lastKnownFileType = text.xcconfig; name = "Pods-MVPTests.debug.xcconfig"; path = "Target Support Files/Pods-MVPTests/Pods-MVPTests.debug.xcconfig"; sourceTree = "<group>"; };
/* End PBXFileReference section */

/* Begin PBXFrameworksBuildPhase section */
		7E54657E2514DBB000A16612 /* Frameworks */ = {
			isa = PBXFrameworksBuildPhase;
			buildActionMask = 2147483647;
			files = (
				29F70492092CEBF7600061DD /* Pods_MVP.framework in Frameworks */,
			);
			runOnlyForDeploymentPostprocessing = 0;
		};
		7E5465942514DBB300A16612 /* Frameworks */ = {
			isa = PBXFrameworksBuildPhase;
			buildActionMask = 2147483647;
			files = (
				7545C97160C762C8D87211AA /* Pods_MVPTests.framework in Frameworks */,
			);
			runOnlyForDeploymentPostprocessing = 0;
		};
/* End PBXFrameworksBuildPhase section */

/* Begin PBXGroup section */
		3DA721F60C1484F76092156C /* Frameworks */ = {
			isa = PBXGroup;
			children = (
				375F6F9CC33ED1540A1BAA23 /* Pods_MVP.framework */,
				68E234002CA926B69EBEEBDC /* Pods_MVPTests.framework */,
			);
			name = Frameworks;
			sourceTree = "<group>";
		};
		3EBEE4408992C06809F61851 /* Pods */ = {
			isa = PBXGroup;
			children = (
				889F7008B6AA6C547C7D3197 /* Pods-MVP.debug.xcconfig */,
				44A6AA9A273D4ECA6C30782D /* Pods-MVP.release.xcconfig */,
				ED62A0111262FE87112ABF5E /* Pods-MVPTests.debug.xcconfig */,
				3629B65D01B75674B88CA1BB /* Pods-MVPTests.release.xcconfig */,
			);
			path = Pods;
			sourceTree = "<group>";
		};
		7E0FE2532515ECA9006370D7 /* OverlayView */ = {
			isa = PBXGroup;
			children = (
				7E0FE2542515ECD0006370D7 /* BottomOverlay.swift */,
				7E0FE2562515ED06006370D7 /* BottomOverlayView.xib */,
			);
			path = OverlayView;
			sourceTree = "<group>";
		};
		7E5465782514DBB000A16612 = {
			isa = PBXGroup;
			children = (
				7E5465832514DBB000A16612 /* MVP */,
				7E54659A2514DBB300A16612 /* MVPTests */,
				7E5465822514DBB000A16612 /* Products */,
				3EBEE4408992C06809F61851 /* Pods */,
				3DA721F60C1484F76092156C /* Frameworks */,
			);
			sourceTree = "<group>";
		};
		7E5465822514DBB000A16612 /* Products */ = {
			isa = PBXGroup;
			children = (
				7E5465812514DBB000A16612 /* MVP.app */,
				7E5465972514DBB300A16612 /* MVPTests.xctest */,
			);
			name = Products;
			sourceTree = "<group>";
		};
		7E5465832514DBB000A16612 /* MVP */ = {
			isa = PBXGroup;
			children = (
				7EABA49C25160C1200E88C29 /* Scene */,
				7E5465DA2514F44300A16612 /* Common */,
				7E5465AC2514E00C00A16612 /* Model */,
				7E5465AB2514E00000A16612 /* Network */,
				7E5465842514DBB000A16612 /* AppDelegate.swift */,
				7E5465862514DBB000A16612 /* SceneDelegate.swift */,
				7E54658D2514DBB200A16612 /* Assets.xcassets */,
				7E5465922514DBB300A16612 /* Info.plist */,
			);
			path = MVP;
			sourceTree = "<group>";
		};
		7E54659A2514DBB300A16612 /* MVPTests */ = {
			isa = PBXGroup;
			children = (
				7E54659D2514DBB300A16612 /* Info.plist */,
				7EABA51D2516479600E88C29 /* LoginTests.swift */,
				7EABA5E225167BC500E88C29 /* MainTests.swift */,
				7EABA51C2516479500E88C29 /* MVPTests-Bridging-Header.h */,
			);
			path = MVPTests;
			sourceTree = "<group>";
		};
		7E5465A62514DCA800A16612 /* Login */ = {
			isa = PBXGroup;
			children = (
				7E5465A72514DCB700A16612 /* LoginView.xib */,
				7E5465A92514DCC500A16612 /* LoginView.swift */,
				7E9022A02515278100AE1335 /* LoginProtocols.swift */,
				7E9022A225152C6500AE1335 /* LoginPresenter.swift */,
			);
			path = Login;
			sourceTree = "<group>";
		};
		7E5465AB2514E00000A16612 /* Network */ = {
			isa = PBXGroup;
			children = (
				7E5465AF2514E03900A16612 /* Service */,
				7E5465AD2514E02E00A16612 /* NetworkManager.swift */,
			);
			path = Network;
			sourceTree = "<group>";
		};
		7E5465AC2514E00C00A16612 /* Model */ = {
			isa = PBXGroup;
			children = (
				7E5465D92514EB4900A16612 /* Response */,
				7E5465B22514E22C00A16612 /* Request */,
			);
			path = Model;
			sourceTree = "<group>";
		};
		7E5465AF2514E03900A16612 /* Service */ = {
			isa = PBXGroup;
			children = (
				7E5465B02514E04C00A16612 /* LoginService.swift */,
				7EABA4A12516168B00E88C29 /* StoreService.swift */,
				7EABA51A25163F8000E88C29 /* MaterialService.swift */,
			);
			path = Service;
			sourceTree = "<group>";
		};
		7E5465B22514E22C00A16612 /* Request */ = {
			isa = PBXGroup;
			children = (
				7E5465B32514E24300A16612 /* LoginRequest.swift */,
			);
			path = Request;
			sourceTree = "<group>";
		};
		7E5465D92514EB4900A16612 /* Response */ = {
			isa = PBXGroup;
			children = (
				7EABA4952515FFB900E88C29 /* ErrorResponse.swift */,
				7EABA4A32516175D00E88C29 /* StoresResponse.swift */,
				7E28A7C1251B06A000426642 /* UserResponse.swift */,
				7EF9A496251BA8EC0085A5BC /* AuthResponse.swift */,
				7EF9A49A251BC1060085A5BC /* RawMaterialResponse.swift */,
				7EF9A4A5251BCF460085A5BC /* RawMaterialDetailResponse.swift */,
			);
			path = Response;
			sourceTree = "<group>";
		};
		7E5465DA2514F44300A16612 /* Common */ = {
			isa = PBXGroup;
			children = (
				7E90237C2515C32A00AE1335 /* Component */,
				7E5465DB2514F46900A16612 /* AppSetting.swift */,
				7EF9A498251BB7030085A5BC /* AppContext.swift */,
			);
			path = Common;
			sourceTree = "<group>";
		};
		7E90237C2515C32A00AE1335 /* Component */ = {
			isa = PBXGroup;
			children = (
				7E0FE2532515ECA9006370D7 /* OverlayView */,
				7E90237F2515C41E00AE1335 /* LoadingView */,
			);
			path = Component;
			sourceTree = "<group>";
		};
		7E90237F2515C41E00AE1335 /* LoadingView */ = {
			isa = PBXGroup;
			children = (
				7E90237D2515C41100AE1335 /* UILoadingView.swift */,
			);
			path = LoadingView;
			sourceTree = "<group>";
		};
		7EABA49725160B6A00E88C29 /* Main */ = {
			isa = PBXGroup;
			children = (
				7EABA49825160B7D00E88C29 /* MainView.swift */,
				7EABA49A25160B8F00E88C29 /* MainView.xib */,
				7EABA49D251613AC00E88C29 /* MainProtocols.swift */,
				7EABA49F2516144700E88C29 /* MainPresenter.swift */,
			);
			path = Main;
			sourceTree = "<group>";
		};
		7EABA49C25160C1200E88C29 /* Scene */ = {
			isa = PBXGroup;
			children = (
				7EF9A49C251BC4650085A5BC /* MaterialDetail */,
				7EABA5112516362300E88C29 /* Material */,
				7E5465A62514DCA800A16612 /* Login */,
				7EABA49725160B6A00E88C29 /* Main */,
			);
			path = Scene;
			sourceTree = "<group>";
		};
		7EABA5112516362300E88C29 /* Material */ = {
			isa = PBXGroup;
			children = (
				7EABA5122516364500E88C29 /* MaterialView.swift */,
				7EABA514251636B600E88C29 /* MaterialView.xib */,
				7EABA5162516372C00E88C29 /* MaterialProtocols.swift */,
				7EABA5182516377600E88C29 /* MaterialPresenter.swift */,
			);
			path = Material;
			sourceTree = "<group>";
		};
		7EF9A49C251BC4650085A5BC /* MaterialDetail */ = {
			isa = PBXGroup;
			children = (
				7EF9A49D251BC4800085A5BC /* MaterialDetailView.xib */,
				7EF9A49F251BC48E0085A5BC /* MaterialDetailView.swift */,
				7EF9A4A1251BC51D0085A5BC /* MaterialDetailProtocols.swift */,
				7EF9A4A3251BC5B20085A5BC /* MaterialDetailPresenter.swift */,
			);
			path = MaterialDetail;
			sourceTree = "<group>";
		};
/* End PBXGroup section */

/* Begin PBXNativeTarget section */
		7E5465802514DBB000A16612 /* MVP */ = {
			isa = PBXNativeTarget;
			buildConfigurationList = 7E5465A02514DBB300A16612 /* Build configuration list for PBXNativeTarget "MVP" */;
			buildPhases = (
				FA5AFAA2EB90487B7088361A /* [CP] Check Pods Manifest.lock */,
				7E54657D2514DBB000A16612 /* Sources */,
				7E54657E2514DBB000A16612 /* Frameworks */,
				7E54657F2514DBB000A16612 /* Resources */,
				95650206F1DFE5237CC3A0CE /* [CP] Embed Pods Frameworks */,
			);
			buildRules = (
			);
			dependencies = (
			);
			name = MVP;
			productName = MVP;
			productReference = 7E5465812514DBB000A16612 /* MVP.app */;
			productType = "com.apple.product-type.application";
		};
		7E5465962514DBB300A16612 /* MVPTests */ = {
			isa = PBXNativeTarget;
			buildConfigurationList = 7E5465A32514DBB300A16612 /* Build configuration list for PBXNativeTarget "MVPTests" */;
			buildPhases = (
				AB0818C5773EB25DC0A58F2E /* [CP] Check Pods Manifest.lock */,
				7E5465932514DBB300A16612 /* Sources */,
				7E5465942514DBB300A16612 /* Frameworks */,
				7E5465952514DBB300A16612 /* Resources */,
				D5C28A1826D66C23146B3454 /* [CP] Embed Pods Frameworks */,
			);
			buildRules = (
			);
			dependencies = (
				7E5465992514DBB300A16612 /* PBXTargetDependency */,
			);
			name = MVPTests;
			productName = MVPTests;
			productReference = 7E5465972514DBB300A16612 /* MVPTests.xctest */;
			productType = "com.apple.product-type.bundle.unit-test";
		};
/* End PBXNativeTarget section */

/* Begin PBXProject section */
		7E5465792514DBB000A16612 /* Project object */ = {
			isa = PBXProject;
			attributes = {
				LastSwiftUpdateCheck = 1170;
				LastUpgradeCheck = 1170;
				ORGANIZATIONNAME = Playground;
				TargetAttributes = {
					7E5465802514DBB000A16612 = {
						CreatedOnToolsVersion = 11.7;
					};
					7E5465962514DBB300A16612 = {
						CreatedOnToolsVersion = 11.7;
						LastSwiftMigration = 1170;
						TestTargetID = 7E5465802514DBB000A16612;
					};
				};
			};
			buildConfigurationList = 7E54657C2514DBB000A16612 /* Build configuration list for PBXProject "MVP" */;
			compatibilityVersion = "Xcode 9.3";
			developmentRegion = en;
			hasScannedForEncodings = 0;
			knownRegions = (
				en,
				Base,
			);
			mainGroup = 7E5465782514DBB000A16612;
			productRefGroup = 7E5465822514DBB000A16612 /* Products */;
			projectDirPath = "";
			projectRoot = "";
			targets = (
				7E5465802514DBB000A16612 /* MVP */,
				7E5465962514DBB300A16612 /* MVPTests */,
			);
		};
/* End PBXProject section */

/* Begin PBXResourcesBuildPhase section */
		7E54657F2514DBB000A16612 /* Resources */ = {
			isa = PBXResourcesBuildPhase;
			buildActionMask = 2147483647;
			files = (
				7EF9A49E251BC4800085A5BC /* MaterialDetailView.xib in Resources */,
				7E54658E2514DBB200A16612 /* Assets.xcassets in Resources */,
				7EABA49B25160B8F00E88C29 /* MainView.xib in Resources */,
				7EABA515251636B600E88C29 /* MaterialView.xib in Resources */,
				7E0FE2572515ED06006370D7 /* BottomOverlayView.xib in Resources */,
				7E5465A82514DCB700A16612 /* LoginView.xib in Resources */,
			);
			runOnlyForDeploymentPostprocessing = 0;
		};
		7E5465952514DBB300A16612 /* Resources */ = {
			isa = PBXResourcesBuildPhase;
			buildActionMask = 2147483647;
			files = (
			);
			runOnlyForDeploymentPostprocessing = 0;
		};
/* End PBXResourcesBuildPhase section */

/* Begin PBXShellScriptBuildPhase section */
		95650206F1DFE5237CC3A0CE /* [CP] Embed Pods Frameworks */ = {
			isa = PBXShellScriptBuildPhase;
			buildActionMask = 2147483647;
			files = (
			);
			inputFileListPaths = (
				"${PODS_ROOT}/Target Support Files/Pods-MVP/Pods-MVP-frameworks-${CONFIGURATION}-input-files.xcfilelist",
			);
			name = "[CP] Embed Pods Frameworks";
			outputFileListPaths = (
				"${PODS_ROOT}/Target Support Files/Pods-MVP/Pods-MVP-frameworks-${CONFIGURATION}-output-files.xcfilelist",
			);
			runOnlyForDeploymentPostprocessing = 0;
			shellPath = /bin/sh;
			shellScript = "\"${PODS_ROOT}/Target Support Files/Pods-MVP/Pods-MVP-frameworks.sh\"\n";
			showEnvVarsInLog = 0;
		};
		AB0818C5773EB25DC0A58F2E /* [CP] Check Pods Manifest.lock */ = {
			isa = PBXShellScriptBuildPhase;
			buildActionMask = 2147483647;
			files = (
			);
			inputFileListPaths = (
			);
			inputPaths = (
				"${PODS_PODFILE_DIR_PATH}/Podfile.lock",
				"${PODS_ROOT}/Manifest.lock",
			);
			name = "[CP] Check Pods Manifest.lock";
			outputFileListPaths = (
			);
			outputPaths = (
				"$(DERIVED_FILE_DIR)/Pods-MVPTests-checkManifestLockResult.txt",
			);
			runOnlyForDeploymentPostprocessing = 0;
			shellPath = /bin/sh;
			shellScript = "diff \"${PODS_PODFILE_DIR_PATH}/Podfile.lock\" \"${PODS_ROOT}/Manifest.lock\" > /dev/null\nif [ $? != 0 ] ; then\n    # print error to STDERR\n    echo \"error: The sandbox is not in sync with the Podfile.lock. Run 'pod install' or update your CocoaPods installation.\" >&2\n    exit 1\nfi\n# This output is used by Xcode 'outputs' to avoid re-running this script phase.\necho \"SUCCESS\" > \"${SCRIPT_OUTPUT_FILE_0}\"\n";
			showEnvVarsInLog = 0;
		};
		D5C28A1826D66C23146B3454 /* [CP] Embed Pods Frameworks */ = {
			isa = PBXShellScriptBuildPhase;
			buildActionMask = 2147483647;
			files = (
			);
			inputFileListPaths = (
				"${PODS_ROOT}/Target Support Files/Pods-MVPTests/Pods-MVPTests-frameworks-${CONFIGURATION}-input-files.xcfilelist",
			);
			name = "[CP] Embed Pods Frameworks";
			outputFileListPaths = (
				"${PODS_ROOT}/Target Support Files/Pods-MVPTests/Pods-MVPTests-frameworks-${CONFIGURATION}-output-files.xcfilelist",
			);
			runOnlyForDeploymentPostprocessing = 0;
			shellPath = /bin/sh;
			shellScript = "\"${PODS_ROOT}/Target Support Files/Pods-MVPTests/Pods-MVPTests-frameworks.sh\"\n";
			showEnvVarsInLog = 0;
		};
		FA5AFAA2EB90487B7088361A /* [CP] Check Pods Manifest.lock */ = {
			isa = PBXShellScriptBuildPhase;
			buildActionMask = 2147483647;
			files = (
			);
			inputFileListPaths = (
			);
			inputPaths = (
				"${PODS_PODFILE_DIR_PATH}/Podfile.lock",
				"${PODS_ROOT}/Manifest.lock",
			);
			name = "[CP] Check Pods Manifest.lock";
			outputFileListPaths = (
			);
			outputPaths = (
				"$(DERIVED_FILE_DIR)/Pods-MVP-checkManifestLockResult.txt",
			);
			runOnlyForDeploymentPostprocessing = 0;
			shellPath = /bin/sh;
			shellScript = "diff \"${PODS_PODFILE_DIR_PATH}/Podfile.lock\" \"${PODS_ROOT}/Manifest.lock\" > /dev/null\nif [ $? != 0 ] ; then\n    # print error to STDERR\n    echo \"error: The sandbox is not in sync with the Podfile.lock. Run 'pod install' or update your CocoaPods installation.\" >&2\n    exit 1\nfi\n# This output is used by Xcode 'outputs' to avoid re-running this script phase.\necho \"SUCCESS\" > \"${SCRIPT_OUTPUT_FILE_0}\"\n";
			showEnvVarsInLog = 0;
		};
/* End PBXShellScriptBuildPhase section */

/* Begin PBXSourcesBuildPhase section */
		7E54657D2514DBB000A16612 /* Sources */ = {
			isa = PBXSourcesBuildPhase;
			buildActionMask = 2147483647;
			files = (
				7E5465AE2514E02E00A16612 /* NetworkManager.swift in Sources */,
				7EABA49925160B7D00E88C29 /* MainView.swift in Sources */,
				7EABA49E251613AC00E88C29 /* MainProtocols.swift in Sources */,
				7EABA51B25163F8000E88C29 /* MaterialService.swift in Sources */,
				7EABA5132516364500E88C29 /* MaterialView.swift in Sources */,
				7E5465AA2514DCC500A16612 /* LoginView.swift in Sources */,
				7EF9A4A6251BCF460085A5BC /* RawMaterialDetailResponse.swift in Sources */,
				7EABA5192516377600E88C29 /* MaterialPresenter.swift in Sources */,
				7EABA5172516372C00E88C29 /* MaterialProtocols.swift in Sources */,
				7E5465DC2514F46900A16612 /* AppSetting.swift in Sources */,
				7EABA4962515FFB900E88C29 /* ErrorResponse.swift in Sources */,
				7EF9A4A4251BC5B20085A5BC /* MaterialDetailPresenter.swift in Sources */,
				7EF9A4A0251BC48E0085A5BC /* MaterialDetailView.swift in Sources */,
				7E9022A325152C6500AE1335 /* LoginPresenter.swift in Sources */,
				7E5465B12514E04C00A16612 /* LoginService.swift in Sources */,
				7E5465B42514E24300A16612 /* LoginRequest.swift in Sources */,
				7E9022A12515278100AE1335 /* LoginProtocols.swift in Sources */,
				7EABA4A02516144700E88C29 /* MainPresenter.swift in Sources */,
				7EABA4A22516168B00E88C29 /* StoreService.swift in Sources */,
				7EF9A499251BB7030085A5BC /* AppContext.swift in Sources */,
				7EF9A49B251BC1060085A5BC /* RawMaterialResponse.swift in Sources */,
				7E5465852514DBB000A16612 /* AppDelegate.swift in Sources */,
				7E5465872514DBB000A16612 /* SceneDelegate.swift in Sources */,
				7E90237E2515C41100AE1335 /* UILoadingView.swift in Sources */,
				7EABA4A42516175D00E88C29 /* StoresResponse.swift in Sources */,
				7EF9A4A2251BC51D0085A5BC /* MaterialDetailProtocols.swift in Sources */,
				7E0FE2552515ECD0006370D7 /* BottomOverlay.swift in Sources */,
				7EF9A497251BA8EC0085A5BC /* AuthResponse.swift in Sources */,
				7E28A7C2251B06A000426642 /* UserResponse.swift in Sources */,
			);
			runOnlyForDeploymentPostprocessing = 0;
		};
		7E5465932514DBB300A16612 /* Sources */ = {
			isa = PBXSourcesBuildPhase;
			buildActionMask = 2147483647;
			files = (
				7EABA5E325167BC500E88C29 /* MainTests.swift in Sources */,
				7EABA51E2516479600E88C29 /* LoginTests.swift in Sources */,
			);
			runOnlyForDeploymentPostprocessing = 0;
		};
/* End PBXSourcesBuildPhase section */

/* Begin PBXTargetDependency section */
		7E5465992514DBB300A16612 /* PBXTargetDependency */ = {
			isa = PBXTargetDependency;
			target = 7E5465802514DBB000A16612 /* MVP */;
			targetProxy = 7E5465982514DBB300A16612 /* PBXContainerItemProxy */;
		};
/* End PBXTargetDependency section */

/* Begin XCBuildConfiguration section */
		7E54659E2514DBB300A16612 /* Debug */ = {
			isa = XCBuildConfiguration;
			buildSettings = {
				ALWAYS_SEARCH_USER_PATHS = NO;
				CLANG_ANALYZER_NONNULL = YES;
				CLANG_ANALYZER_NUMBER_OBJECT_CONVERSION = YES_AGGRESSIVE;
				CLANG_CXX_LANGUAGE_STANDARD = "gnu++14";
				CLANG_CXX_LIBRARY = "libc++";
				CLANG_ENABLE_MODULES = YES;
				CLANG_ENABLE_OBJC_ARC = YES;
				CLANG_ENABLE_OBJC_WEAK = YES;
				CLANG_WARN_BLOCK_CAPTURE_AUTORELEASING = YES;
				CLANG_WARN_BOOL_CONVERSION = YES;
				CLANG_WARN_COMMA = YES;
				CLANG_WARN_CONSTANT_CONVERSION = YES;
				CLANG_WARN_DEPRECATED_OBJC_IMPLEMENTATIONS = YES;
				CLANG_WARN_DIRECT_OBJC_ISA_USAGE = YES_ERROR;
				CLANG_WARN_DOCUMENTATION_COMMENTS = YES;
				CLANG_WARN_EMPTY_BODY = YES;
				CLANG_WARN_ENUM_CONVERSION = YES;
				CLANG_WARN_INFINITE_RECURSION = YES;
				CLANG_WARN_INT_CONVERSION = YES;
				CLANG_WARN_NON_LITERAL_NULL_CONVERSION = YES;
				CLANG_WARN_OBJC_IMPLICIT_RETAIN_SELF = YES;
				CLANG_WARN_OBJC_LITERAL_CONVERSION = YES;
				CLANG_WARN_OBJC_ROOT_CLASS = YES_ERROR;
				CLANG_WARN_RANGE_LOOP_ANALYSIS = YES;
				CLANG_WARN_STRICT_PROTOTYPES = YES;
				CLANG_WARN_SUSPICIOUS_MOVE = YES;
				CLANG_WARN_UNGUARDED_AVAILABILITY = YES_AGGRESSIVE;
				CLANG_WARN_UNREACHABLE_CODE = YES;
				CLANG_WARN__DUPLICATE_METHOD_MATCH = YES;
				CODE_SIGN_IDENTITY = "Apple Development: Wilson Lau (N2YZFVL4AJ)";
				CODE_SIGN_STYLE = Manual;
				COPY_PHASE_STRIP = NO;
				DEBUG_INFORMATION_FORMAT = dwarf;
				DEVELOPMENT_TEAM = 7C5D84864H;
				ENABLE_STRICT_OBJC_MSGSEND = YES;
				ENABLE_TESTABILITY = YES;
				GCC_C_LANGUAGE_STANDARD = gnu11;
				GCC_DYNAMIC_NO_PIC = NO;
				GCC_NO_COMMON_BLOCKS = YES;
				GCC_OPTIMIZATION_LEVEL = 0;
				GCC_PREPROCESSOR_DEFINITIONS = (
					"DEBUG=1",
					"$(inherited)",
				);
				GCC_WARN_64_TO_32_BIT_CONVERSION = YES;
				GCC_WARN_ABOUT_RETURN_TYPE = YES_ERROR;
				GCC_WARN_UNDECLARED_SELECTOR = YES;
				GCC_WARN_UNINITIALIZED_AUTOS = YES_AGGRESSIVE;
				GCC_WARN_UNUSED_FUNCTION = YES;
				GCC_WARN_UNUSED_VARIABLE = YES;
				IPHONEOS_DEPLOYMENT_TARGET = 13.7;
				MTL_ENABLE_DEBUG_INFO = INCLUDE_SOURCE;
				MTL_FAST_MATH = YES;
				ONLY_ACTIVE_ARCH = YES;
				SDKROOT = iphoneos;
				SWIFT_ACTIVE_COMPILATION_CONDITIONS = DEBUG;
				SWIFT_OPTIMIZATION_LEVEL = "-Onone";
			};
			name = Debug;
		};
		7E54659F2514DBB300A16612 /* Release */ = {
			isa = XCBuildConfiguration;
			buildSettings = {
				ALWAYS_SEARCH_USER_PATHS = NO;
				CLANG_ANALYZER_NONNULL = YES;
				CLANG_ANALYZER_NUMBER_OBJECT_CONVERSION = YES_AGGRESSIVE;
				CLANG_CXX_LANGUAGE_STANDARD = "gnu++14";
				CLANG_CXX_LIBRARY = "libc++";
				CLANG_ENABLE_MODULES = YES;
				CLANG_ENABLE_OBJC_ARC = YES;
				CLANG_ENABLE_OBJC_WEAK = YES;
				CLANG_WARN_BLOCK_CAPTURE_AUTORELEASING = YES;
				CLANG_WARN_BOOL_CONVERSION = YES;
				CLANG_WARN_COMMA = YES;
				CLANG_WARN_CONSTANT_CONVERSION = YES;
				CLANG_WARN_DEPRECATED_OBJC_IMPLEMENTATIONS = YES;
				CLANG_WARN_DIRECT_OBJC_ISA_USAGE = YES_ERROR;
				CLANG_WARN_DOCUMENTATION_COMMENTS = YES;
				CLANG_WARN_EMPTY_BODY = YES;
				CLANG_WARN_ENUM_CONVERSION = YES;
				CLANG_WARN_INFINITE_RECURSION = YES;
				CLANG_WARN_INT_CONVERSION = YES;
				CLANG_WARN_NON_LITERAL_NULL_CONVERSION = YES;
				CLANG_WARN_OBJC_IMPLICIT_RETAIN_SELF = YES;
				CLANG_WARN_OBJC_LITERAL_CONVERSION = YES;
				CLANG_WARN_OBJC_ROOT_CLASS = YES_ERROR;
				CLANG_WARN_RANGE_LOOP_ANALYSIS = YES;
				CLANG_WARN_STRICT_PROTOTYPES = YES;
				CLANG_WARN_SUSPICIOUS_MOVE = YES;
				CLANG_WARN_UNGUARDED_AVAILABILITY = YES_AGGRESSIVE;
				CLANG_WARN_UNREACHABLE_CODE = YES;
				CLANG_WARN__DUPLICATE_METHOD_MATCH = YES;
				CODE_SIGN_IDENTITY = "Apple Development: Wilson Lau (N2YZFVL4AJ)";
				CODE_SIGN_STYLE = Manual;
				COPY_PHASE_STRIP = NO;
				DEBUG_INFORMATION_FORMAT = "dwarf-with-dsym";
				DEVELOPMENT_TEAM = 7C5D84864H;
				ENABLE_NS_ASSERTIONS = NO;
				ENABLE_STRICT_OBJC_MSGSEND = YES;
				GCC_C_LANGUAGE_STANDARD = gnu11;
				GCC_NO_COMMON_BLOCKS = YES;
				GCC_WARN_64_TO_32_BIT_CONVERSION = YES;
				GCC_WARN_ABOUT_RETURN_TYPE = YES_ERROR;
				GCC_WARN_UNDECLARED_SELECTOR = YES;
				GCC_WARN_UNINITIALIZED_AUTOS = YES_AGGRESSIVE;
				GCC_WARN_UNUSED_FUNCTION = YES;
				GCC_WARN_UNUSED_VARIABLE = YES;
				IPHONEOS_DEPLOYMENT_TARGET = 13.7;
				MTL_ENABLE_DEBUG_INFO = NO;
				MTL_FAST_MATH = YES;
				SDKROOT = iphoneos;
				SWIFT_COMPILATION_MODE = wholemodule;
				SWIFT_OPTIMIZATION_LEVEL = "-O";
				VALIDATE_PRODUCT = YES;
			};
			name = Release;
		};
		7E5465A12514DBB300A16612 /* Debug */ = {
			isa = XCBuildConfiguration;
			baseConfigurationReference = 889F7008B6AA6C547C7D3197 /* Pods-MVP.debug.xcconfig */;
			buildSettings = {
				ASSETCATALOG_COMPILER_APPICON_NAME = AppIcon;
				CODE_SIGN_IDENTITY = "Apple Development";
				CODE_SIGN_STYLE = Automatic;
				DEVELOPMENT_TEAM = 8A4LK3PM33;
				INFOPLIST_FILE = MVP/Info.plist;
				IPHONEOS_DEPLOYMENT_TARGET = 11.0;
				LD_RUNPATH_SEARCH_PATHS = (
					"$(inherited)",
					"@executable_path/Frameworks",
				);
				PRODUCT_BUNDLE_IDENTIFIER = com.playground.MVP;
				PRODUCT_NAME = "$(TARGET_NAME)";
				PROVISIONING_PROFILE_SPECIFIER = "";
				SWIFT_VERSION = 5.0;
				TARGETED_DEVICE_FAMILY = 1;
			};
			name = Debug;
		};
		7E5465A22514DBB300A16612 /* Release */ = {
			isa = XCBuildConfiguration;
			baseConfigurationReference = 44A6AA9A273D4ECA6C30782D /* Pods-MVP.release.xcconfig */;
			buildSettings = {
				ASSETCATALOG_COMPILER_APPICON_NAME = AppIcon;
				CODE_SIGN_IDENTITY = "Apple Development";
				CODE_SIGN_STYLE = Automatic;
				DEVELOPMENT_TEAM = 8A4LK3PM33;
				INFOPLIST_FILE = MVP/Info.plist;
				IPHONEOS_DEPLOYMENT_TARGET = 11.0;
				LD_RUNPATH_SEARCH_PATHS = (
					"$(inherited)",
					"@executable_path/Frameworks",
				);
				PRODUCT_BUNDLE_IDENTIFIER = com.playground.MVP;
				PRODUCT_NAME = "$(TARGET_NAME)";
				PROVISIONING_PROFILE_SPECIFIER = "";
				SWIFT_VERSION = 5.0;
				TARGETED_DEVICE_FAMILY = 1;
			};
			name = Release;
		};
		7E5465A42514DBB300A16612 /* Debug */ = {
			isa = XCBuildConfiguration;
			baseConfigurationReference = ED62A0111262FE87112ABF5E /* Pods-MVPTests.debug.xcconfig */;
			buildSettings = {
				ALWAYS_EMBED_SWIFT_STANDARD_LIBRARIES = YES;
				BUNDLE_LOADER = "$(TEST_HOST)";
				CLANG_ENABLE_MODULES = YES;
				CODE_SIGN_IDENTITY = "Apple Development";
				"CODE_SIGN_IDENTITY[sdk=macosx*]" = "Apple Development";
				CODE_SIGN_STYLE = Automatic;
				DEVELOPMENT_TEAM = 8A4LK3PM33;
				INFOPLIST_FILE = MVPTests/Info.plist;
				IPHONEOS_DEPLOYMENT_TARGET = 11.0;
				LD_RUNPATH_SEARCH_PATHS = (
					"$(inherited)",
					"@executable_path/Frameworks",
					"@loader_path/Frameworks",
				);
				PRODUCT_BUNDLE_IDENTIFIER = com.playground.MVPTests;
				PRODUCT_NAME = "$(TARGET_NAME)";
				PROVISIONING_PROFILE_SPECIFIER = "";
				"PROVISIONING_PROFILE_SPECIFIER[sdk=macosx*]" = "";
				SWIFT_OBJC_BRIDGING_HEADER = "MVPTests/MVPTests-Bridging-Header.h";
				SWIFT_OPTIMIZATION_LEVEL = "-Onone";
				SWIFT_VERSION = 5.0;
				TARGETED_DEVICE_FAMILY = "1,2";
				TEST_HOST = "$(BUILT_PRODUCTS_DIR)/MVP.app/MVP";
			};
			name = Debug;
		};
		7E5465A52514DBB300A16612 /* Release */ = {
			isa = XCBuildConfiguration;
			baseConfigurationReference = 3629B65D01B75674B88CA1BB /* Pods-MVPTests.release.xcconfig */;
			buildSettings = {
				ALWAYS_EMBED_SWIFT_STANDARD_LIBRARIES = YES;
				BUNDLE_LOADER = "$(TEST_HOST)";
				CLANG_ENABLE_MODULES = YES;
				CODE_SIGN_IDENTITY = "Apple Development";
				"CODE_SIGN_IDENTITY[sdk=macosx*]" = "Apple Development";
				CODE_SIGN_STYLE = Automatic;
				DEVELOPMENT_TEAM = 8A4LK3PM33;
				INFOPLIST_FILE = MVPTests/Info.plist;
				IPHONEOS_DEPLOYMENT_TARGET = 11.0;
				LD_RUNPATH_SEARCH_PATHS = (
					"$(inherited)",
					"@executable_path/Frameworks",
					"@loader_path/Frameworks",
				);
				PRODUCT_BUNDLE_IDENTIFIER = com.playground.MVPTests;
				PRODUCT_NAME = "$(TARGET_NAME)";
				PROVISIONING_PROFILE_SPECIFIER = "";
				"PROVISIONING_PROFILE_SPECIFIER[sdk=macosx*]" = "";
				SWIFT_OBJC_BRIDGING_HEADER = "MVPTests/MVPTests-Bridging-Header.h";
				SWIFT_VERSION = 5.0;
				TARGETED_DEVICE_FAMILY = "1,2";
				TEST_HOST = "$(BUILT_PRODUCTS_DIR)/MVP.app/MVP";
			};
			name = Release;
		};
/* End XCBuildConfiguration section */

/* Begin XCConfigurationList section */
		7E54657C2514DBB000A16612 /* Build configuration list for PBXProject "MVP" */ = {
			isa = XCConfigurationList;
			buildConfigurations = (
				7E54659E2514DBB300A16612 /* Debug */,
				7E54659F2514DBB300A16612 /* Release */,
			);
			defaultConfigurationIsVisible = 0;
			defaultConfigurationName = Release;
		};
		7E5465A02514DBB300A16612 /* Build configuration list for PBXNativeTarget "MVP" */ = {
			isa = XCConfigurationList;
			buildConfigurations = (
				7E5465A12514DBB300A16612 /* Debug */,
				7E5465A22514DBB300A16612 /* Release */,
			);
			defaultConfigurationIsVisible = 0;
			defaultConfigurationName = Release;
		};
		7E5465A32514DBB300A16612 /* Build configuration list for PBXNativeTarget "MVPTests" */ = {
			isa = XCConfigurationList;
			buildConfigurations = (
				7E5465A42514DBB300A16612 /* Debug */,
				7E5465A52514DBB300A16612 /* Release */,
			);
			defaultConfigurationIsVisible = 0;
			defaultConfigurationName = Release;
		};
/* End XCConfigurationList section */
	};
	rootObject = 7E5465792514DBB000A16612 /* Project object */;
}
